
Microsoft Visual Studio Solution File, Format Version 12.00
# Visual Studio Version 17
VisualStudioVersion = 17.5.33516.290
MinimumVisualStudioVersion = 10.0.40219.1
Project("{888888A0-9F3D-457C-B088-3A5042F75D52}") = "3OLIDTS_RogelioPerez_04", "3OLIDTS_RogelioPerez_04\3OLIDTS_RogelioPerez_04.pyproj", "{D2674D9B-4757-4F63-AAA6-AEF39DE13EB9}"
EndProject
Global
	GlobalSection(SolutionConfigurationPlatforms) = preSolution
		Debug|Any CPU = Debug|Any CPU
		Release|Any CPU = Release|Any CPU
	EndGlobalSection
	GlobalSection(ProjectConfigurationPlatforms) = postSolution
		{D2674D9B-4757-4F63-AAA6-AEF39DE13EB9}.Debug|Any CPU.ActiveCfg = Debug|Any CPU
		{D2674D9B-4757-4F63-AAA6-AEF39DE13EB9}.Release|Any CPU.ActiveCfg = Release|Any CPU
	EndGlobalSection
	GlobalSection(SolutionProperties) = preSolution
		HideSolutionNode = FALSE
	EndGlobalSection
	GlobalSection(ExtensibilityGlobals) = postSolution
		SolutionGuid = {7F21B4A1-8833-4D97-BDBB-ADEF84B60EF8}
	EndGlobalSection
EndGlobal
